// !$*UTF8*$!
{
	archiveVersion = 1;
	classes = {
	};
	objectVersion = 46;
	objects = {

/* Begin PBXBuildFile section */
		11C43D801C2DD24500F63B9F /* AppDelegate.swift in Sources */ = {isa = PBXBuildFile; fileRef = 11C43D7F1C2DD24500F63B9F /* AppDelegate.swift */; };
		11C43D821C2DD24500F63B9F /* ViewController.swift in Sources */ = {isa = PBXBuildFile; fileRef = 11C43D811C2DD24500F63B9F /* ViewController.swift */; };
		11C43D851C2DD24500F63B9F /* Main.storyboard in Resources */ = {isa = PBXBuildFile; fileRef = 11C43D831C2DD24500F63B9F /* Main.storyboard */; };
		11C43D871C2DD24500F63B9F /* Assets.xcassets in Resources */ = {isa = PBXBuildFile; fileRef = 11C43D861C2DD24500F63B9F /* Assets.xcassets */; };
		11C43D8A1C2DD24500F63B9F /* LaunchScreen.storyboard in Resources */ = {isa = PBXBuildFile; fileRef = 11C43D881C2DD24500F63B9F /* LaunchScreen.storyboard */; };
		11C43D951C2DD24500F63B9F /* Where_s_My_Stuff_Tests.swift in Sources */ = {isa = PBXBuildFile; fileRef = 11C43D941C2DD24500F63B9F /* Where_s_My_Stuff_Tests.swift */; };
		11C43DA01C2DD24500F63B9F /* Where_s_My_Stuff_UITests.swift in Sources */ = {isa = PBXBuildFile; fileRef = 11C43D9F1C2DD24500F63B9F /* Where_s_My_Stuff_UITests.swift */; };
/* End PBXBuildFile section */

/* Begin PBXContainerItemProxy section */
		11C43D911C2DD24500F63B9F /* PBXContainerItemProxy */ = {
			isa = PBXContainerItemProxy;
			containerPortal = 11C43D741C2DD24500F63B9F /* Project object */;
			proxyType = 1;
			remoteGlobalIDString = 11C43D7B1C2DD24500F63B9F;
			remoteInfo = "Where's My Stuff?";
		};
		11C43D9C1C2DD24500F63B9F /* PBXContainerItemProxy */ = {
			isa = PBXContainerItemProxy;
			containerPortal = 11C43D741C2DD24500F63B9F /* Project object */;
			proxyType = 1;
			remoteGlobalIDString = 11C43D7B1C2DD24500F63B9F;
			remoteInfo = "Where's My Stuff?";
		};
/* End PBXContainerItemProxy section */

/* Begin PBXFileReference section */
		11C43D7C1C2DD24500F63B9F /* Where's My Stuff?.app */ = {isa = PBXFileReference; explicitFileType = wrapper.application; includeInIndex = 0; path = "Where's My Stuff?.app"; sourceTree = BUILT_PRODUCTS_DIR; };
		11C43D7F1C2DD24500F63B9F /* AppDelegate.swift */ = {isa = PBXFileReference; lastKnownFileType = sourcecode.swift; path = AppDelegate.swift; sourceTree = "<group>"; };
		11C43D811C2DD24500F63B9F /* ViewController.swift */ = {isa = PBXFileReference; lastKnownFileType = sourcecode.swift; path = ViewController.swift; sourceTree = "<group>"; };
		11C43D841C2DD24500F63B9F /* Base */ = {isa = PBXFileReference; lastKnownFileType = file.storyboard; name = Base; path = Base.lproj/Main.storyboard; sourceTree = "<group>"; };
		11C43D861C2DD24500F63B9F /* Assets.xcassets */ = {isa = PBXFileReference; lastKnownFileType = folder.assetcatalog; path = Assets.xcassets; sourceTree = "<group>"; };
		11C43D891C2DD24500F63B9F /* Base */ = {isa = PBXFileReference; lastKnownFileType = file.storyboard; name = Base; path = Base.lproj/LaunchScreen.storyboard; sourceTree = "<group>"; };
		11C43D8B1C2DD24500F63B9F /* Info.plist */ = {isa = PBXFileReference; lastKnownFileType = text.plist.xml; path = Info.plist; sourceTree = "<group>"; };
		11C43D901C2DD24500F63B9F /* Where's My Stuff?Tests.xctest */ = {isa = PBXFileReference; explicitFileType = wrapper.cfbundle; includeInIndex = 0; path = "Where's My Stuff?Tests.xctest"; sourceTree = BUILT_PRODUCTS_DIR; };
		11C43D941C2DD24500F63B9F /* Where_s_My_Stuff_Tests.swift */ = {isa = PBXFileReference; lastKnownFileType = sourcecode.swift; path = Where_s_My_Stuff_Tests.swift; sourceTree = "<group>"; };
		11C43D961C2DD24500F63B9F /* Info.plist */ = {isa = PBXFileReference; lastKnownFileType = text.plist.xml; path = Info.plist; sourceTree = "<group>"; };
		11C43D9B1C2DD24500F63B9F /* Where's My Stuff?UITests.xctest */ = {isa = PBXFileReference; explicitFileType = wrapper.cfbundle; includeInIndex = 0; path = "Where's My Stuff?UITests.xctest"; sourceTree = BUILT_PRODUCTS_DIR; };
		11C43D9F1C2DD24500F63B9F /* Where_s_My_Stuff_UITests.swift */ = {isa = PBXFileReference; lastKnownFileType = sourcecode.swift; path = Where_s_My_Stuff_UITests.swift; sourceTree = "<group>"; };
		11C43DA11C2DD24500F63B9F /* Info.plist */ = {isa = PBXFileReference; lastKnownFileType = text.plist.xml; path = Info.plist; sourceTree = "<group>"; };
/* End PBXFileReference section */

/* Begin PBXFrameworksBuildPhase section */
		11C43D791C2DD24500F63B9F /* Frameworks */ = {
			isa = PBXFrameworksBuildPhase;
			buildActionMask = 2147483647;
			files = (
			);
			runOnlyForDeploymentPostprocessing = 0;
		};
		11C43D8D1C2DD24500F63B9F /* Frameworks */ = {
			isa = PBXFrameworksBuildPhase;
			buildActionMask = 2147483647;
			files = (
			);
			runOnlyForDeploymentPostprocessing = 0;
		};
		11C43D981C2DD24500F63B9F /* Frameworks */ = {
			isa = PBXFrameworksBuildPhase;
			buildActionMask = 2147483647;
			files = (
			);
			runOnlyForDeploymentPostprocessing = 0;
		};
/* End PBXFrameworksBuildPhase section */

/* Begin PBXGroup section */
		11C43D731C2DD24500F63B9F = {
			isa = PBXGroup;
			children = (
				11C43D7E1C2DD24500F63B9F /* Where's My Stuff? */,
				11C43D931C2DD24500F63B9F /* Where's My Stuff?Tests */,
				11C43D9E1C2DD24500F63B9F /* Where's My Stuff?UITests */,
				11C43D7D1C2DD24500F63B9F /* Products */,
			);
			sourceTree = "<group>";
		};
		11C43D7D1C2DD24500F63B9F /* Products */ = {
			isa = PBXGroup;
			children = (
				11C43D7C1C2DD24500F63B9F /* Where's My Stuff?.app */,
				11C43D901C2DD24500F63B9F /* Where's My Stuff?Tests.xctest */,
				11C43D9B1C2DD24500F63B9F /* Where's My Stuff?UITests.xctest */,
			);
			name = Products;
			sourceTree = "<group>";
		};
		11C43D7E1C2DD24500F63B9F /* Where's My Stuff? */ = {
			isa = PBXGroup;
			children = (
				11C43D7F1C2DD24500F63B9F /* AppDelegate.swift */,
				11C43D811C2DD24500F63B9F /* ViewController.swift */,
				11C43D831C2DD24500F63B9F /* Main.storyboard */,
				11C43D861C2DD24500F63B9F /* Assets.xcassets */,
				11C43D881C2DD24500F63B9F /* LaunchScreen.storyboard */,
				11C43D8B1C2DD24500F63B9F /* Info.plist */,
			);
			path = "Where's My Stuff?";
			sourceTree = "<group>";
		};
		11C43D931C2DD24500F63B9F /* Where's My Stuff?Tests */ = {
			isa = PBXGroup;
			children = (
				11C43D941C2DD24500F63B9F /* Where_s_My_Stuff_Tests.swift */,
				11C43D961C2DD24500F63B9F /* Info.plist */,
			);
			path = "Where's My Stuff?Tests";
			sourceTree = "<group>";
		};
		11C43D9E1C2DD24500F63B9F /* Where's My Stuff?UITests */ = {
			isa = PBXGroup;
			children = (
				11C43D9F1C2DD24500F63B9F /* Where_s_My_Stuff_UITests.swift */,
				11C43DA11C2DD24500F63B9F /* Info.plist */,
			);
			path = "Where's My Stuff?UITests";
			sourceTree = "<group>";
		};
/* End PBXGroup section */

/* Begin PBXNativeTarget section */
		11C43D7B1C2DD24500F63B9F /* Where's My Stuff? */ = {
			isa = PBXNativeTarget;
			buildConfigurationList = 11C43DA41C2DD24500F63B9F /* Build configuration list for PBXNativeTarget "Where's My Stuff?" */;
			buildPhases = (
				11C43D781C2DD24500F63B9F /* Sources */,
				11C43D791C2DD24500F63B9F /* Frameworks */,
				11C43D7A1C2DD24500F63B9F /* Resources */,
			);
			buildRules = (
			);
			dependencies = (
			);
			name = "Where's My Stuff?";
			productName = "Where's My Stuff?";
			productReference = 11C43D7C1C2DD24500F63B9F /* Where's My Stuff?.app */;
			productType = "com.apple.product-type.application";
		};
		11C43D8F1C2DD24500F63B9F /* Where's My Stuff?Tests */ = {
			isa = PBXNativeTarget;
			buildConfigurationList = 11C43DA71C2DD24500F63B9F /* Build configuration list for PBXNativeTarget "Where's My Stuff?Tests" */;
			buildPhases = (
				11C43D8C1C2DD24500F63B9F /* Sources */,
				11C43D8D1C2DD24500F63B9F /* Frameworks */,
				11C43D8E1C2DD24500F63B9F /* Resources */,
			);
			buildRules = (
			);
			dependencies = (
				11C43D921C2DD24500F63B9F /* PBXTargetDependency */,
			);
			name = "Where's My Stuff?Tests";
			productName = "Where's My Stuff?Tests";
			productReference = 11C43D901C2DD24500F63B9F /* Where's My Stuff?Tests.xctest */;
			productType = "com.apple.product-type.bundle.unit-test";
		};
		11C43D9A1C2DD24500F63B9F /* Where's My Stuff?UITests */ = {
			isa = PBXNativeTarget;
			buildConfigurationList = 11C43DAA1C2DD24500F63B9F /* Build configuration list for PBXNativeTarget "Where's My Stuff?UITests" */;
			buildPhases = (
				11C43D971C2DD24500F63B9F /* Sources */,
				11C43D981C2DD24500F63B9F /* Frameworks */,
				11C43D991C2DD24500F63B9F /* Resources */,
			);
			buildRules = (
			);
			dependencies = (
				11C43D9D1C2DD24500F63B9F /* PBXTargetDependency */,
			);
			name = "Where's My Stuff?UITests";
			productName = "Where's My Stuff?UITests";
			productReference = 11C43D9B1C2DD24500F63B9F /* Where's My Stuff?UITests.xctest */;
			productType = "com.apple.product-type.bundle.ui-testing";
		};
/* End PBXNativeTarget section */

/* Begin PBXProject section */
		11C43D741C2DD24500F63B9F /* Project object */ = {
			isa = PBXProject;
			attributes = {
				LastSwiftUpdateCheck = 0720;
				LastUpgradeCheck = 0720;
				ORGANIZATIONNAME = "Ikey Benzaken";
				TargetAttributes = {
					11C43D7B1C2DD24500F63B9F = {
						CreatedOnToolsVersion = 7.2;
					};
					11C43D8F1C2DD24500F63B9F = {
						CreatedOnToolsVersion = 7.2;
						TestTargetID = 11C43D7B1C2DD24500F63B9F;
					};
					11C43D9A1C2DD24500F63B9F = {
						CreatedOnToolsVersion = 7.2;
						TestTargetID = 11C43D7B1C2DD24500F63B9F;
					};
				};
			};
			buildConfigurationList = 11C43D771C2DD24500F63B9F /* Build configuration list for PBXProject "Where's My Stuff?" */;
			compatibilityVersion = "Xcode 3.2";
			developmentRegion = English;
			hasScannedForEncodings = 0;
			knownRegions = (
				en,
				Base,
			);
			mainGroup = 11C43D731C2DD24500F63B9F;
			productRefGroup = 11C43D7D1C2DD24500F63B9F /* Products */;
			projectDirPath = "";
			projectRoot = "";
			targets = (
				11C43D7B1C2DD24500F63B9F /* Where's My Stuff? */,
				11C43D8F1C2DD24500F63B9F /* Where's My Stuff?Tests */,
				11C43D9A1C2DD24500F63B9F /* Where's My Stuff?UITests */,
			);
		};
/* End PBXProject section */

/* Begin PBXResourcesBuildPhase section */
		11C43D7A1C2DD24500F63B9F /* Resources */ = {
			isa = PBXResourcesBuildPhase;
			buildActionMask = 2147483647;
			files = (
				11C43D8A1C2DD24500F63B9F /* LaunchScreen.storyboard in Resources */,
				11C43D871C2DD24500F63B9F /* Assets.xcassets in Resources */,
				11C43D851C2DD24500F63B9F /* Main.storyboard in Resources */,
			);
			runOnlyForDeploymentPostprocessing = 0;
		};
		11C43D8E1C2DD24500F63B9F /* Resources */ = {
			isa = PBXResourcesBuildPhase;
			buildActionMask = 2147483647;
			files = (
			);
			runOnlyForDeploymentPostprocessing = 0;
		};
		11C43D991C2DD24500F63B9F /* Resources */ = {
			isa = PBXResourcesBuildPhase;
			buildActionMask = 2147483647;
			files = (
			);
			runOnlyForDeploymentPostprocessing = 0;
		};
/* End PBXResourcesBuildPhase section */

/* Begin PBXSourcesBuildPhase section */
		11C43D781C2DD24500F63B9F /* Sources */ = {
			isa = PBXSourcesBuildPhase;
			buildActionMask = 2147483647;
			files = (
				11C43D821C2DD24500F63B9F /* ViewController.swift in Sources */,
				11C43D801C2DD24500F63B9F /* AppDelegate.swift in Sources */,
			);
			runOnlyForDeploymentPostprocessing = 0;
		};
		11C43D8C1C2DD24500F63B9F /* Sources */ = {
			isa = PBXSourcesBuildPhase;
			buildActionMask = 2147483647;
			files = (
				11C43D951C2DD24500F63B9F /* Where_s_My_Stuff_Tests.swift in Sources */,
			);
			runOnlyForDeploymentPostprocessing = 0;
		};
		11C43D971C2DD24500F63B9F /* Sources */ = {
			isa = PBXSourcesBuildPhase;
			buildActionMask = 2147483647;
			files = (
				11C43DA01C2DD24500F63B9F /* Where_s_My_Stuff_UITests.swift in Sources */,
			);
			runOnlyForDeploymentPostprocessing = 0;
		};
/* End PBXSourcesBuildPhase section */

/* Begin PBXTargetDependency section */
		11C43D921C2DD24500F63B9F /* PBXTargetDependency */ = {
			isa = PBXTargetDependency;
			target = 11C43D7B1C2DD24500F63B9F /* Where's My Stuff? */;
			targetProxy = 11C43D911C2DD24500F63B9F /* PBXContainerItemProxy */;
		};
		11C43D9D1C2DD24500F63B9F /* PBXTargetDependency */ = {
			isa = PBXTargetDependency;
			target = 11C43D7B1C2DD24500F63B9F /* Where's My Stuff? */;
			targetProxy = 11C43D9C1C2DD24500F63B9F /* PBXContainerItemProxy */;
		};
/* End PBXTargetDependency section */

/* Begin PBXVariantGroup section */
		11C43D831C2DD24500F63B9F /* Main.storyboard */ = {
			isa = PBXVariantGroup;
			children = (
				11C43D841C2DD24500F63B9F /* Base */,
			);
			name = Main.storyboard;
			sourceTree = "<group>";
		};
		11C43D881C2DD24500F63B9F /* LaunchScreen.storyboard */ = {
			isa = PBXVariantGroup;
			children = (
				11C43D891C2DD24500F63B9F /* Base */,
			);
			name = LaunchScreen.storyboard;
			sourceTree = "<group>";
		};
/* End PBXVariantGroup section */

/* Begin XCBuildConfiguration section */
		11C43DA21C2DD24500F63B9F /* Debug */ = {
			isa = XCBuildConfiguration;
			buildSettings = {
				ALWAYS_SEARCH_USER_PATHS = NO;
				CLANG_CXX_LANGUAGE_STANDARD = "gnu++0x";
				CLANG_CXX_LIBRARY = "libc++";
				CLANG_ENABLE_MODULES = YES;
				CLANG_ENABLE_OBJC_ARC = YES;
				CLANG_WARN_BOOL_CONVERSION = YES;
				CLANG_WARN_CONSTANT_CONVERSION = YES;
				CLANG_WARN_DIRECT_OBJC_ISA_USAGE = YES_ERROR;
				CLANG_WARN_EMPTY_BODY = YES;
				CLANG_WARN_ENUM_CONVERSION = YES;
				CLANG_WARN_INT_CONVERSION = YES;
				CLANG_WARN_OBJC_ROOT_CLASS = YES_ERROR;
				CLANG_WARN_UNREACHABLE_CODE = YES;
				CLANG_WARN__DUPLICATE_METHOD_MATCH = YES;
				"CODE_SIGN_IDENTITY[sdk=iphoneos*]" = "iPhone Developer";
				COPY_PHASE_STRIP = NO;
				DEBUG_INFORMATION_FORMAT = dwarf;
				ENABLE_STRICT_OBJC_MSGSEND = YES;
				ENABLE_TESTABILITY = YES;
				GCC_C_LANGUAGE_STANDARD = gnu99;
				GCC_DYNAMIC_NO_PIC = NO;
				GCC_NO_COMMON_BLOCKS = YES;
				GCC_OPTIMIZATION_LEVEL = 0;
				GCC_PREPROCESSOR_DEFINITIONS = (
					"DEBUG=1",
					"$(inherited)",
				);
				GCC_WARN_64_TO_32_BIT_CONVERSION = YES;
				GCC_WARN_ABOUT_RETURN_TYPE = YES_ERROR;
				GCC_WARN_UNDECLARED_SELECTOR = YES;
				GCC_WARN_UNINITIALIZED_AUTOS = YES_AGGRESSIVE;
				GCC_WARN_UNUSED_FUNCTION = YES;
				GCC_WARN_UNUSED_VARIABLE = YES;
				IPHONEOS_DEPLOYMENT_TARGET = 9.2;
				MTL_ENABLE_DEBUG_INFO = YES;
				ONLY_ACTIVE_ARCH = YES;
				SDKROOT = iphoneos;
				SWIFT_OPTIMIZATION_LEVEL = "-Onone";
				TARGETED_DEVICE_FAMILY = "1,2";
			};
			name = Debug;
		};
		11C43DA31C2DD24500F63B9F /* Release */ = {
			isa = XCBuildConfiguration;
			buildSettings = {
				ALWAYS_SEARCH_USER_PATHS = NO;
				CLANG_CXX_LANGUAGE_STANDARD = "gnu++0x";
				CLANG_CXX_LIBRARY = "libc++";
				CLANG_ENABLE_MODULES = YES;
				CLANG_ENABLE_OBJC_ARC = YES;
				CLANG_WARN_BOOL_CONVERSION = YES;
				CLANG_WARN_CONSTANT_CONVERSION = YES;
				CLANG_WARN_DIRECT_OBJC_ISA_USAGE = YES_ERROR;
				CLANG_WARN_EMPTY_BODY = YES;
				CLANG_WARN_ENUM_CONVERSION = YES;
				CLANG_WARN_INT_CONVERSION = YES;
				CLANG_WARN_OBJC_ROOT_CLASS = YES_ERROR;
				CLANG_WARN_UNREACHABLE_CODE = YES;
				CLANG_WARN__DUPLICATE_METHOD_MATCH = YES;
				"CODE_SIGN_IDENTITY[sdk=iphoneos*]" = "iPhone Developer";
				COPY_PHASE_STRIP = NO;
				DEBUG_INFORMATION_FORMAT = "dwarf-with-dsym";
				ENABLE_NS_ASSERTIONS = NO;
				ENABLE_STRICT_OBJC_MSGSEND = YES;
				GCC_C_LANGUAGE_STANDARD = gnu99;
				GCC_NO_COMMON_BLOCKS = YES;
				GCC_WARN_64_TO_32_BIT_CONVERSION = YES;
				GCC_WARN_ABOUT_RETURN_TYPE = YES_ERROR;
				GCC_WARN_UNDECLARED_SELECTOR = YES;
				GCC_WARN_UNINITIALIZED_AUTOS = YES_AGGRESSIVE;
				GCC_WARN_UNUSED_FUNCTION = YES;
				GCC_WARN_UNUSED_VARIABLE = YES;
				IPHONEOS_DEPLOYMENT_TARGET = 9.2;
				MTL_ENABLE_DEBUG_INFO = NO;
				SDKROOT = iphoneos;
				TARGETED_DEVICE_FAMILY = "1,2";
				VALIDATE_PRODUCT = YES;
			};
			name = Release;
		};
		11C43DA51C2DD24500F63B9F /* Debug */ = {
			isa = XCBuildConfiguration;
			buildSettings = {
				ASSETCATALOG_COMPILER_APPICON_NAME = AppIcon;
				INFOPLIST_FILE = "Where's My Stuff?/Info.plist";
				LD_RUNPATH_SEARCH_PATHS = "$(inherited) @executable_path/Frameworks";
				PRODUCT_BUNDLE_IDENTIFIER = "com.benz.Where-s-My-Stuff-";
				PRODUCT_NAME = "$(TARGET_NAME)";
			};
			name = Debug;
		};
		11C43DA61C2DD24500F63B9F /* Release */ = {
			isa = XCBuildConfiguration;
			buildSettings = {
				ASSETCATALOG_COMPILER_APPICON_NAME = AppIcon;
				INFOPLIST_FILE = "Where's My Stuff?/Info.plist";
				LD_RUNPATH_SEARCH_PATHS = "$(inherited) @executable_path/Frameworks";
				PRODUCT_BUNDLE_IDENTIFIER = "com.benz.Where-s-My-Stuff-";
				PRODUCT_NAME = "$(TARGET_NAME)";
			};
			name = Release;
		};
		11C43DA81C2DD24500F63B9F /* Debug */ = {
			isa = XCBuildConfiguration;
			buildSettings = {
				BUNDLE_LOADER = "$(TEST_HOST)";
				INFOPLIST_FILE = "Where's My Stuff?Tests/Info.plist";
				LD_RUNPATH_SEARCH_PATHS = "$(inherited) @executable_path/Frameworks @loader_path/Frameworks";
				PRODUCT_BUNDLE_IDENTIFIER = "com.benz.Where-s-My-Stuff-Tests";
				PRODUCT_NAME = "$(TARGET_NAME)";
				TEST_HOST = "$(BUILT_PRODUCTS_DIR)/Where's My Stuff?.app/Where's My Stuff?";
			};
			name = Debug;
		};
		11C43DA91C2DD24500F63B9F /* Release */ = {
			isa = XCBuildConfiguration;
			buildSettings = {
				BUNDLE_LOADER = "$(TEST_HOST)";
				INFOPLIST_FILE = "Where's My Stuff?Tests/Info.plist";
				LD_RUNPATH_SEARCH_PATHS = "$(inherited) @executable_path/Frameworks @loader_path/Frameworks";
				PRODUCT_BUNDLE_IDENTIFIER = "com.benz.Where-s-My-Stuff-Tests";
				PRODUCT_NAME = "$(TARGET_NAME)";
				TEST_HOST = "$(BUILT_PRODUCTS_DIR)/Where's My Stuff?.app/Where's My Stuff?";
			};
			name = Release;
		};
		11C43DAB1C2DD24500F63B9F /* Debug */ = {
			isa = XCBuildConfiguration;
			buildSettings = {
				INFOPLIST_FILE = "Where's My Stuff?UITests/Info.plist";
				LD_RUNPATH_SEARCH_PATHS = "$(inherited) @executable_path/Frameworks @loader_path/Frameworks";
				PRODUCT_BUNDLE_IDENTIFIER = "com.benz.Where-s-My-Stuff-UITests";
				PRODUCT_NAME = "$(TARGET_NAME)";
				TEST_TARGET_NAME = "Where's My Stuff?";
				USES_XCTRUNNER = YES;
			};
			name = Debug;
		};
		11C43DAC1C2DD24500F63B9F /* Release */ = {
			isa = XCBuildConfiguration;
			buildSettings = {
				INFOPLIST_FILE = "Where's My Stuff?UITests/Info.plist";
				LD_RUNPATH_SEARCH_PATHS = "$(inherited) @executable_path/Frameworks @loader_path/Frameworks";
				PRODUCT_BUNDLE_IDENTIFIER = "com.benz.Where-s-My-Stuff-UITests";
				PRODUCT_NAME = "$(TARGET_NAME)";
				TEST_TARGET_NAME = "Where's My Stuff?";
				USES_XCTRUNNER = YES;
			};
			name = Release;
		};
/* End XCBuildConfiguration section */

/* Begin XCConfigurationList section */
		11C43D771C2DD24500F63B9F /* Build configuration list for PBXProject "Where's My Stuff?" */ = {
			isa = XCConfigurationList;
			buildConfigurations = (
				11C43DA21C2DD24500F63B9F /* Debug */,
				11C43DA31C2DD24500F63B9F /* Release */,
			);
			defaultConfigurationIsVisible = 0;
			defaultConfigurationName = Release;
		};
		11C43DA41C2DD24500F63B9F /* Build configuration list for PBXNativeTarget "Where's My Stuff?" */ = {
			isa = XCConfigurationList;
			buildConfigurations = (
				11C43DA51C2DD24500F63B9F /* Debug */,
				11C43DA61C2DD24500F63B9F /* Release */,
			);
			defaultConfigurationIsVisible = 0;
		};
		11C43DA71C2DD24500F63B9F /* Build configuration list for PBXNativeTarget "Where's My Stuff?Tests" */ = {
			isa = XCConfigurationList;
			buildConfigurations = (
				11C43DA81C2DD24500F63B9F /* Debug */,
				11C43DA91C2DD24500F63B9F /* Release */,
			);
			defaultConfigurationIsVisible = 0;
		};
		11C43DAA1C2DD24500F63B9F /* Build configuration list for PBXNativeTarget "Where's My Stuff?UITests" */ = {
			isa = XCConfigurationList;
			buildConfigurations = (
				11C43DAB1C2DD24500F63B9F /* Debug */,
				11C43DAC1C2DD24500F63B9F /* Release */,
			);
			defaultConfigurationIsVisible = 0;
		};
/* End XCConfigurationList section */
	};
	rootObject = 11C43D741C2DD24500F63B9F /* Project object */;
}
